
Microsoft Visual Studio Solution File, Format Version 10.00
# Visual Studio 2008
Project("{FAE04EC0-301F-11D3-BF4B-00C04F79EFBC}") = "CSharpGoWinForm", "CSharpGo\CSharpGoWinForm.csproj", "{CCAC6B55-651A-4A98-9977-C6C24463EF90}"
EndProject
Global
	GlobalSection(SolutionConfigurationPlatforms) = preSolution
		Debug|Any CPU = Debug|Any CPU
		Release|Any CPU = Release|Any CPU
	EndGlobalSection
	GlobalSection(ProjectConfigurationPlatforms) = postSolution
		{CCAC6B55-651A-4A98-9977-C6C24463EF90}.Debug|Any CPU.ActiveCfg = Debug|Any CPU
		{CCAC6B55-651A-4A98-9977-C6C24463EF90}.Debug|Any CPU.Build.0 = Debug|Any CPU
		{CCAC6B55-651A-4A98-9977-C6C24463EF90}.Release|Any CPU.ActiveCfg = Release|Any CPU
		{CCAC6B55-651A-4A98-9977-C6C24463EF90}.Release|Any CPU.Build.0 = Release|Any CPU
	EndGlobalSection
	GlobalSection(SolutionProperties) = preSolution
		HideSolutionNode = FALSE
	EndGlobalSection
EndGlobal
